
Microsoft Visual Studio Solution File, Format Version 11.00
# Visual Studio 2010
Project("{8BC9CEB8-8B4A-11D0-8D11-00A0C91BC942}") = "DxProxy", "DxProxy\DxProxy\DxProxy.vcxproj", "{16A8AA38-36D3-437F-922A-B808F654AAAA}"
	ProjectSection(ProjectDependencies) = postProject
		{15022CB2-F612-4ED0-9DF7-B4C9E9852FA9} = {15022CB2-F612-4ED0-9DF7-B4C9E9852FA9}
		{CFEACCF5-F9CD-4EC1-8C27-A3A6A6B3190B} = {CFEACCF5-F9CD-4EC1-8C27-A3A6A6B3190B}
	EndProjectSection
EndProject
Project("{8BC9CEB8-8B4A-11D0-8D11-00A0C91BC942}") = "DxHijack32", "DxHijack\DxHijack32\DxHijack32.vcxproj", "{64CBCBD7-0558-4D0E-AA85-A776FE7F615C}"
	ProjectSection(ProjectDependencies) = postProject
		{16A8AA38-36D3-437F-922A-B808F654AAAA} = {16A8AA38-36D3-437F-922A-B808F654AAAA}
		{15022CB2-F612-4ED0-9DF7-B4C9E9852FA9} = {15022CB2-F612-4ED0-9DF7-B4C9E9852FA9}
	EndProjectSection
EndProject
Project("{8BC9CEB8-8B4A-11D0-8D11-00A0C91BC942}") = "Stereoificator", "Stereoificator\Stereoificator\Stereoificator.vcxproj", "{9222EFCE-9B7D-4D06-9085-90B32FEB5285}"
	ProjectSection(ProjectDependencies) = postProject
		{16A8AA38-36D3-437F-922A-B808F654AAAA} = {16A8AA38-36D3-437F-922A-B808F654AAAA}
		{15022CB2-F612-4ED0-9DF7-B4C9E9852FA9} = {15022CB2-F612-4ED0-9DF7-B4C9E9852FA9}
		{64CBCBD7-0558-4D0E-AA85-A776FE7F615C} = {64CBCBD7-0558-4D0E-AA85-A776FE7F615C}
	EndProjectSection
EndProject
Project("{8BC9CEB8-8B4A-11D0-8D11-00A0C91BC942}") = "LoggerCpp", "LoggerCPP\msvc\LoggerCpp.vcxproj", "{15022CB2-F612-4ED0-9DF7-B4C9E9852FA9}"
EndProject
Project("{8BC9CEB8-8B4A-11D0-8D11-00A0C91BC942}") = "SteroificatorShared", "StereoificatorShared\SteroificatorConfig.vcxproj", "{CFEACCF5-F9CD-4EC1-8C27-A3A6A6B3190B}"
	ProjectSection(ProjectDependencies) = postProject
		{15022CB2-F612-4ED0-9DF7-B4C9E9852FA9} = {15022CB2-F612-4ED0-9DF7-B4C9E9852FA9}
	EndProjectSection
EndProject
Project("{8BC9CEB8-8B4A-11D0-8D11-00A0C91BC942}") = "DxProxyDLL", "DxProxyDLL\DxProxyDLL.vcxproj", "{BFC1D33A-8828-4596-A72B-B0DD6A2B3C91}"
EndProject
Global
	GlobalSection(SolutionConfigurationPlatforms) = preSolution
		Debug|Win32 = Debug|Win32
		Release|Win32 = Release|Win32
	EndGlobalSection
	GlobalSection(ProjectConfigurationPlatforms) = postSolution
		{16A8AA38-36D3-437F-922A-B808F654AAAA}.Debug|Win32.ActiveCfg = Debug|Win32
		{16A8AA38-36D3-437F-922A-B808F654AAAA}.Debug|Win32.Build.0 = Debug|Win32
		{16A8AA38-36D3-437F-922A-B808F654AAAA}.Release|Win32.ActiveCfg = Release|Win32
		{16A8AA38-36D3-437F-922A-B808F654AAAA}.Release|Win32.Build.0 = Release|Win32
		{64CBCBD7-0558-4D0E-AA85-A776FE7F615C}.Debug|Win32.ActiveCfg = Debug|Win32
		{64CBCBD7-0558-4D0E-AA85-A776FE7F615C}.Debug|Win32.Build.0 = Debug|Win32
		{64CBCBD7-0558-4D0E-AA85-A776FE7F615C}.Release|Win32.ActiveCfg = Release|Win32
		{64CBCBD7-0558-4D0E-AA85-A776FE7F615C}.Release|Win32.Build.0 = Release|Win32
		{9222EFCE-9B7D-4D06-9085-90B32FEB5285}.Debug|Win32.ActiveCfg = Debug|Win32
		{9222EFCE-9B7D-4D06-9085-90B32FEB5285}.Debug|Win32.Build.0 = Debug|Win32
		{9222EFCE-9B7D-4D06-9085-90B32FEB5285}.Release|Win32.ActiveCfg = Release|Win32
		{9222EFCE-9B7D-4D06-9085-90B32FEB5285}.Release|Win32.Build.0 = Release|Win32
		{15022CB2-F612-4ED0-9DF7-B4C9E9852FA9}.Debug|Win32.ActiveCfg = Debug|Win32
		{15022CB2-F612-4ED0-9DF7-B4C9E9852FA9}.Debug|Win32.Build.0 = Debug|Win32
		{15022CB2-F612-4ED0-9DF7-B4C9E9852FA9}.Release|Win32.ActiveCfg = Release|Win32
		{15022CB2-F612-4ED0-9DF7-B4C9E9852FA9}.Release|Win32.Build.0 = Release|Win32
		{CFEACCF5-F9CD-4EC1-8C27-A3A6A6B3190B}.Debug|Win32.ActiveCfg = Debug|Win32
		{CFEACCF5-F9CD-4EC1-8C27-A3A6A6B3190B}.Debug|Win32.Build.0 = Debug|Win32
		{CFEACCF5-F9CD-4EC1-8C27-A3A6A6B3190B}.Release|Win32.ActiveCfg = Release|Win32
		{CFEACCF5-F9CD-4EC1-8C27-A3A6A6B3190B}.Release|Win32.Build.0 = Release|Win32
		{BFC1D33A-8828-4596-A72B-B0DD6A2B3C91}.Debug|Win32.ActiveCfg = Debug|Win32
		{BFC1D33A-8828-4596-A72B-B0DD6A2B3C91}.Debug|Win32.Build.0 = Debug|Win32
		{BFC1D33A-8828-4596-A72B-B0DD6A2B3C91}.Release|Win32.ActiveCfg = Release|Win32
		{BFC1D33A-8828-4596-A72B-B0DD6A2B3C91}.Release|Win32.Build.0 = Release|Win32
	EndGlobalSection
	GlobalSection(SolutionProperties) = preSolution
		HideSolutionNode = FALSE
	EndGlobalSection
EndGlobal
